
Microsoft Visual Studio Solution File, Format Version 12.00
# Visual Studio 2013
VisualStudioVersion = 12.0.31101.0
MinimumVisualStudioVersion = 10.0.40219.1
Project("{FAE04EC0-301F-11D3-BF4B-00C04F79EFBC}") = "winForms.process", "winForms.process\winForms.process.csproj", "{234FB6AE-0439-4110-B0E3-3618AFC88988}"
EndProject
Project("{FAE04EC0-301F-11D3-BF4B-00C04F79EFBC}") = "Threading", "Threading\Threading.csproj", "{E31063AC-BE0C-4CCB-8ED9-2A771D07C5DF}"
EndProject
Project("{FAE04EC0-301F-11D3-BF4B-00C04F79EFBC}") = "Controls", "Controls\Controls.csproj", "{3B601B8E-D9C9-499D-A013-CE4CAE7F4B87}"
EndProject
Global
	GlobalSection(SolutionConfigurationPlatforms) = preSolution
		Debug|Any CPU = Debug|Any CPU
		Release|Any CPU = Release|Any CPU
	EndGlobalSection
	GlobalSection(ProjectConfigurationPlatforms) = postSolution
		{234FB6AE-0439-4110-B0E3-3618AFC88988}.Debug|Any CPU.ActiveCfg = Debug|Any CPU
		{234FB6AE-0439-4110-B0E3-3618AFC88988}.Debug|Any CPU.Build.0 = Debug|Any CPU
		{234FB6AE-0439-4110-B0E3-3618AFC88988}.Release|Any CPU.ActiveCfg = Release|Any CPU
		{234FB6AE-0439-4110-B0E3-3618AFC88988}.Release|Any CPU.Build.0 = Release|Any CPU
		{E31063AC-BE0C-4CCB-8ED9-2A771D07C5DF}.Debug|Any CPU.ActiveCfg = Debug|Any CPU
		{E31063AC-BE0C-4CCB-8ED9-2A771D07C5DF}.Debug|Any CPU.Build.0 = Debug|Any CPU
		{E31063AC-BE0C-4CCB-8ED9-2A771D07C5DF}.Release|Any CPU.ActiveCfg = Release|Any CPU
		{E31063AC-BE0C-4CCB-8ED9-2A771D07C5DF}.Release|Any CPU.Build.0 = Release|Any CPU
		{3B601B8E-D9C9-499D-A013-CE4CAE7F4B87}.Debug|Any CPU.ActiveCfg = Debug|Any CPU
		{3B601B8E-D9C9-499D-A013-CE4CAE7F4B87}.Debug|Any CPU.Build.0 = Debug|Any CPU
		{3B601B8E-D9C9-499D-A013-CE4CAE7F4B87}.Release|Any CPU.ActiveCfg = Release|Any CPU
		{3B601B8E-D9C9-499D-A013-CE4CAE7F4B87}.Release|Any CPU.Build.0 = Release|Any CPU
	EndGlobalSection
	GlobalSection(SolutionProperties) = preSolution
		HideSolutionNode = FALSE
	EndGlobalSection
EndGlobal
